// !$*UTF8*$!
{
	archiveVersion = 1;
	classes = {
	};
	objectVersion = 55;
	objects = {

/* Begin PBXBuildFile section */
		682E5B002AACFFCB00F584AF /* LoadingView.swift in Sources */ = {isa = PBXBuildFile; fileRef = 682E5AFF2AACFFCB00F584AF /* LoadingView.swift */; };
		684FCF622AB48ECF00D83CA3 /* DiscoverViewController.swift in Sources */ = {isa = PBXBuildFile; fileRef = 684FCF5F2AB48ECE00D83CA3 /* DiscoverViewController.swift */; };
		684FCF632AB48ECF00D83CA3 /* DiscoverView.swift in Sources */ = {isa = PBXBuildFile; fileRef = 684FCF602AB48ECE00D83CA3 /* DiscoverView.swift */; };
		684FCF652AB491A900D83CA3 /* DiscoverPresenter.swift in Sources */ = {isa = PBXBuildFile; fileRef = 684FCF642AB491A900D83CA3 /* DiscoverPresenter.swift */; };
		684FCF672AB494D400D83CA3 /* FavoritesRouter.swift in Sources */ = {isa = PBXBuildFile; fileRef = 684FCF662AB494D400D83CA3 /* FavoritesRouter.swift */; };
		8629679D2AA090E5000254B3 /* RecipesList.swift in Sources */ = {isa = PBXBuildFile; fileRef = 8629679C2AA090E5000254B3 /* RecipesList.swift */; };
		86405BAC2AB6408C00636C2B /* Int+.swift in Sources */ = {isa = PBXBuildFile; fileRef = 86405BAB2AB6408C00636C2B /* Int+.swift */; };
		86405BAE2AB6443900636C2B /* CategoryCell.swift in Sources */ = {isa = PBXBuildFile; fileRef = 86405BAD2AB6443900636C2B /* CategoryCell.swift */; };
		86405BB02AB6627900636C2B /* FavoriteRecipesManager.swift in Sources */ = {isa = PBXBuildFile; fileRef = 86405BAF2AB6627900636C2B /* FavoriteRecipesManager.swift */; };
		86405BB22AB66D9900636C2B /* RecipeTitleCell.swift in Sources */ = {isa = PBXBuildFile; fileRef = 86405BB12AB66D9900636C2B /* RecipeTitleCell.swift */; };
		86405BB42AB6705C00636C2B /* RecipeSummaryCell.swift in Sources */ = {isa = PBXBuildFile; fileRef = 86405BB32AB6705C00636C2B /* RecipeSummaryCell.swift */; };
		86405BB62AB67BD000636C2B /* String+.swift in Sources */ = {isa = PBXBuildFile; fileRef = 86405BB52AB67BD000636C2B /* String+.swift */; };
		865DA7352AA87BB2009CA2EA /* BellViewController.swift in Sources */ = {isa = PBXBuildFile; fileRef = 865DA7332AA87BB2009CA2EA /* BellViewController.swift */; };
		865DA7362AA87BB2009CA2EA /* BellRouter.swift in Sources */ = {isa = PBXBuildFile; fileRef = 865DA7342AA87BB2009CA2EA /* BellRouter.swift */; };
		865DA73E2AA87CC9009CA2EA /* DetailView.swift in Sources */ = {isa = PBXBuildFile; fileRef = 865DA7382AA87CC9009CA2EA /* DetailView.swift */; };
		865DA73F2AA87CC9009CA2EA /* DetailViewController.swift in Sources */ = {isa = PBXBuildFile; fileRef = 865DA7392AA87CC9009CA2EA /* DetailViewController.swift */; };
		865DA7432AA87CC9009CA2EA /* HeaderView.swift in Sources */ = {isa = PBXBuildFile; fileRef = 865DA73D2AA87CC9009CA2EA /* HeaderView.swift */; };
		865DA7452AA884A6009CA2EA /* OSLog+.swift in Sources */ = {isa = PBXBuildFile; fileRef = 865DA7442AA884A6009CA2EA /* OSLog+.swift */; };
		865DA7472AA886FD009CA2EA /* UIImage+.swift in Sources */ = {isa = PBXBuildFile; fileRef = 865DA7462AA886FD009CA2EA /* UIImage+.swift */; };
		865DA7492AA888A7009CA2EA /* Assembly.swift in Sources */ = {isa = PBXBuildFile; fileRef = 865DA7482AA888A7009CA2EA /* Assembly.swift */; };
		865DA74D2AA89B82009CA2EA /* UIView+.swift in Sources */ = {isa = PBXBuildFile; fileRef = 865DA74C2AA89B82009CA2EA /* UIView+.swift */; };
		865DA7512AA8F543009CA2EA /* DetailPresenter.swift in Sources */ = {isa = PBXBuildFile; fileRef = 865DA7502AA8F543009CA2EA /* DetailPresenter.swift */; };
		865DA7562AA96B71009CA2EA /* ProfileRouter.swift in Sources */ = {isa = PBXBuildFile; fileRef = 865DA7542AA96B70009CA2EA /* ProfileRouter.swift */; };
		865DA7572AA96B71009CA2EA /* ProfileViewController.swift in Sources */ = {isa = PBXBuildFile; fileRef = 865DA7552AA96B70009CA2EA /* ProfileViewController.swift */; };
		865DA7592AA97823009CA2EA /* Cache.swift in Sources */ = {isa = PBXBuildFile; fileRef = 865DA7582AA97823009CA2EA /* Cache.swift */; };
		865DA7842AAB3193009CA2EA /* RecipeCategoryCell.swift in Sources */ = {isa = PBXBuildFile; fileRef = 865DA7802AAB3192009CA2EA /* RecipeCategoryCell.swift */; };
		865DA7852AAB3193009CA2EA /* TrendingRecipeCell.swift in Sources */ = {isa = PBXBuildFile; fileRef = 865DA7812AAB3192009CA2EA /* TrendingRecipeCell.swift */; };
		865DA7862AAB3193009CA2EA /* RecentRecipeCell.swift in Sources */ = {isa = PBXBuildFile; fileRef = 865DA7822AAB3192009CA2EA /* RecentRecipeCell.swift */; };
		865DA7892AAB3F2E009CA2EA /* UIFont+.swift in Sources */ = {isa = PBXBuildFile; fileRef = 865DA7882AAB3F2E009CA2EA /* UIFont+.swift */; };
		865DA78B2AAB48C3009CA2EA /* UIStackView+.swift in Sources */ = {isa = PBXBuildFile; fileRef = 865DA78A2AAB48C3009CA2EA /* UIStackView+.swift */; };
		866FB8862AAB8E7D005CAD0D /* RecipeCell.swift in Sources */ = {isa = PBXBuildFile; fileRef = 866FB8852AAB8E7D005CAD0D /* RecipeCell.swift */; };
		866FB8882AAB9923005CAD0D /* UILabel+.swift in Sources */ = {isa = PBXBuildFile; fileRef = 866FB8872AAB9923005CAD0D /* UILabel+.swift */; };
		866FB88A2AABA10E005CAD0D /* IngredientCell.swift in Sources */ = {isa = PBXBuildFile; fileRef = 866FB8892AABA10E005CAD0D /* IngredientCell.swift */; };
		866FB88C2AABB3BA005CAD0D /* NSCollectionLayoutSize+.swift in Sources */ = {isa = PBXBuildFile; fileRef = 866FB88B2AABB3BA005CAD0D /* NSCollectionLayoutSize+.swift */; };
		866FB88E2AABB666005CAD0D /* UICollectionView+.swift in Sources */ = {isa = PBXBuildFile; fileRef = 866FB88D2AABB666005CAD0D /* UICollectionView+.swift */; };
		866FB8902AABCE32005CAD0D /* UIButton+.swift in Sources */ = {isa = PBXBuildFile; fileRef = 866FB88F2AABCE32005CAD0D /* UIButton+.swift */; };
		869C6E522A9B390800F4861F /* AppDelegate.swift in Sources */ = {isa = PBXBuildFile; fileRef = 869C6E512A9B390800F4861F /* AppDelegate.swift */; };
		869C6E542A9B390800F4861F /* SceneDelegate.swift in Sources */ = {isa = PBXBuildFile; fileRef = 869C6E532A9B390800F4861F /* SceneDelegate.swift */; };
		869C6E562A9B390800F4861F /* HomeViewController.swift in Sources */ = {isa = PBXBuildFile; fileRef = 869C6E552A9B390800F4861F /* HomeViewController.swift */; };
		869C6E5B2A9B390C00F4861F /* Assets.xcassets in Resources */ = {isa = PBXBuildFile; fileRef = 869C6E5A2A9B390C00F4861F /* Assets.xcassets */; };
		869C6E5E2A9B390C00F4861F /* LaunchScreen.storyboard in Resources */ = {isa = PBXBuildFile; fileRef = 869C6E5C2A9B390C00F4861F /* LaunchScreen.storyboard */; };
		869C6E662A9B3A3700F4861F /* UIColor+.swift in Sources */ = {isa = PBXBuildFile; fileRef = 869C6E652A9B3A3700F4861F /* UIColor+.swift */; };
		869C6E6B2A9B3B0700F4861F /* TabBarController.swift in Sources */ = {isa = PBXBuildFile; fileRef = 869C6E6A2A9B3B0700F4861F /* TabBarController.swift */; };
		869C6E762A9B53DD00F4861F /* README.md in Resources */ = {isa = PBXBuildFile; fileRef = 869C6E752A9B53DD00F4861F /* README.md */; };
		869C6E782A9B67A900F4861F /* OnboardingViewController.swift in Sources */ = {isa = PBXBuildFile; fileRef = 869C6E772A9B67A900F4861F /* OnboardingViewController.swift */; };
		869C6E7C2A9B680E00F4861F /* ApiClient.swift in Sources */ = {isa = PBXBuildFile; fileRef = 869C6E7B2A9B680E00F4861F /* ApiClient.swift */; };
		869C6E832A9B693200F4861F /* HomeView.swift in Sources */ = {isa = PBXBuildFile; fileRef = 869C6E822A9B693200F4861F /* HomeView.swift */; };
		869C6E852A9B694800F4861F /* HomePresenter.swift in Sources */ = {isa = PBXBuildFile; fileRef = 869C6E842A9B694800F4861F /* HomePresenter.swift */; };
		869C6E872A9B6F4100F4861F /* HomeRouter.swift in Sources */ = {isa = PBXBuildFile; fileRef = 869C6E862A9B6F4000F4861F /* HomeRouter.swift */; };
		869C6E8A2A9B717200F4861F /* Recipe.swift in Sources */ = {isa = PBXBuildFile; fileRef = 869C6E892A9B717200F4861F /* Recipe.swift */; };
		869C6E8E2A9B7EB300F4861F /* Kingfisher in Frameworks */ = {isa = PBXBuildFile; productRef = 869C6E8D2A9B7EB300F4861F /* Kingfisher */; };
		869C6E902A9BB14100F4861F /* Endpoint.swift in Sources */ = {isa = PBXBuildFile; fileRef = 869C6E8F2A9BB14100F4861F /* Endpoint.swift */; };
		869C6E952A9D1C2D00F4861F /* Autocomplete.swift in Sources */ = {isa = PBXBuildFile; fileRef = 869C6E942A9D1C2D00F4861F /* Autocomplete.swift */; };
		869C6E972A9D2B6F00F4861F /* Measures.swift in Sources */ = {isa = PBXBuildFile; fileRef = 869C6E962A9D2B6F00F4861F /* Measures.swift */; };
		869C6E992A9D2B8500F4861F /* Ingredient.swift in Sources */ = {isa = PBXBuildFile; fileRef = 869C6E982A9D2B8500F4861F /* Ingredient.swift */; };
		869C6E9B2A9E2CE600F4861F /* Secret.swift in Sources */ = {isa = PBXBuildFile; fileRef = 869C6E9A2A9E2CE600F4861F /* Secret.swift */; };
		86B3D0422AA534FA009BF738 /* MealType.swift in Sources */ = {isa = PBXBuildFile; fileRef = 86B3D0412AA534FA009BF738 /* MealType.swift */; };
		86B3D0442AA541BE009BF738 /* RecipeResponse.swift in Sources */ = {isa = PBXBuildFile; fileRef = 86B3D0432AA541BE009BF738 /* RecipeResponse.swift */; };
		86F0DC852AAD0D26004E80C2 /* Repository.swift in Sources */ = {isa = PBXBuildFile; fileRef = 86F0DC842AAD0D26004E80C2 /* Repository.swift */; };
		86FC26372AB6F5A200C018FE /* SeeAllViewController.swift in Sources */ = {isa = PBXBuildFile; fileRef = 86FC26362AB6F5A200C018FE /* SeeAllViewController.swift */; };
		86FC26392AB6F5B500C018FE /* SeeAllView.swift in Sources */ = {isa = PBXBuildFile; fileRef = 86FC26382AB6F5B500C018FE /* SeeAllView.swift */; };
		86FC263B2AB6FA6400C018FE /* SeeAllPresenter.swift in Sources */ = {isa = PBXBuildFile; fileRef = 86FC263A2AB6FA6400C018FE /* SeeAllPresenter.swift */; };
/* End PBXBuildFile section */

/* Begin PBXFileReference section */
		682E5AFF2AACFFCB00F584AF /* LoadingView.swift */ = {isa = PBXFileReference; fileEncoding = 4; lastKnownFileType = sourcecode.swift; path = LoadingView.swift; sourceTree = "<group>"; };
		684FCF5F2AB48ECE00D83CA3 /* DiscoverViewController.swift */ = {isa = PBXFileReference; fileEncoding = 4; lastKnownFileType = sourcecode.swift; path = DiscoverViewController.swift; sourceTree = "<group>"; };
		684FCF602AB48ECE00D83CA3 /* DiscoverView.swift */ = {isa = PBXFileReference; fileEncoding = 4; lastKnownFileType = sourcecode.swift; path = DiscoverView.swift; sourceTree = "<group>"; };
		684FCF642AB491A900D83CA3 /* DiscoverPresenter.swift */ = {isa = PBXFileReference; lastKnownFileType = sourcecode.swift; path = DiscoverPresenter.swift; sourceTree = "<group>"; };
		684FCF662AB494D400D83CA3 /* FavoritesRouter.swift */ = {isa = PBXFileReference; lastKnownFileType = sourcecode.swift; path = FavoritesRouter.swift; sourceTree = "<group>"; };
		8629679C2AA090E5000254B3 /* RecipesList.swift */ = {isa = PBXFileReference; lastKnownFileType = sourcecode.swift; path = RecipesList.swift; sourceTree = "<group>"; };
		86405BAB2AB6408C00636C2B /* Int+.swift */ = {isa = PBXFileReference; lastKnownFileType = sourcecode.swift; path = "Int+.swift"; sourceTree = "<group>"; };
		86405BAD2AB6443900636C2B /* CategoryCell.swift */ = {isa = PBXFileReference; fileEncoding = 4; lastKnownFileType = sourcecode.swift; path = CategoryCell.swift; sourceTree = "<group>"; };
		86405BAF2AB6627900636C2B /* FavoriteRecipesManager.swift */ = {isa = PBXFileReference; lastKnownFileType = sourcecode.swift; path = FavoriteRecipesManager.swift; sourceTree = "<group>"; };
		86405BB12AB66D9900636C2B /* RecipeTitleCell.swift */ = {isa = PBXFileReference; lastKnownFileType = sourcecode.swift; path = RecipeTitleCell.swift; sourceTree = "<group>"; };
		86405BB32AB6705C00636C2B /* RecipeSummaryCell.swift */ = {isa = PBXFileReference; lastKnownFileType = sourcecode.swift; path = RecipeSummaryCell.swift; sourceTree = "<group>"; };
		86405BB52AB67BD000636C2B /* String+.swift */ = {isa = PBXFileReference; lastKnownFileType = sourcecode.swift; path = "String+.swift"; sourceTree = "<group>"; };
		865DA7332AA87BB2009CA2EA /* BellViewController.swift */ = {isa = PBXFileReference; fileEncoding = 4; lastKnownFileType = sourcecode.swift; path = BellViewController.swift; sourceTree = "<group>"; };
		865DA7342AA87BB2009CA2EA /* BellRouter.swift */ = {isa = PBXFileReference; fileEncoding = 4; lastKnownFileType = sourcecode.swift; path = BellRouter.swift; sourceTree = "<group>"; };
		865DA7382AA87CC9009CA2EA /* DetailView.swift */ = {isa = PBXFileReference; fileEncoding = 4; lastKnownFileType = sourcecode.swift; path = DetailView.swift; sourceTree = "<group>"; };
		865DA7392AA87CC9009CA2EA /* DetailViewController.swift */ = {isa = PBXFileReference; fileEncoding = 4; lastKnownFileType = sourcecode.swift; path = DetailViewController.swift; sourceTree = "<group>"; };
		865DA73D2AA87CC9009CA2EA /* HeaderView.swift */ = {isa = PBXFileReference; fileEncoding = 4; lastKnownFileType = sourcecode.swift; path = HeaderView.swift; sourceTree = "<group>"; };
		865DA7442AA884A6009CA2EA /* OSLog+.swift */ = {isa = PBXFileReference; lastKnownFileType = sourcecode.swift; path = "OSLog+.swift"; sourceTree = "<group>"; };
		865DA7462AA886FD009CA2EA /* UIImage+.swift */ = {isa = PBXFileReference; lastKnownFileType = sourcecode.swift; path = "UIImage+.swift"; sourceTree = "<group>"; };
		865DA7482AA888A7009CA2EA /* Assembly.swift */ = {isa = PBXFileReference; lastKnownFileType = sourcecode.swift; path = Assembly.swift; sourceTree = "<group>"; };
		865DA74C2AA89B82009CA2EA /* UIView+.swift */ = {isa = PBXFileReference; lastKnownFileType = sourcecode.swift; path = "UIView+.swift"; sourceTree = "<group>"; };
		865DA7502AA8F543009CA2EA /* DetailPresenter.swift */ = {isa = PBXFileReference; lastKnownFileType = sourcecode.swift; path = DetailPresenter.swift; sourceTree = "<group>"; };
		865DA7542AA96B70009CA2EA /* ProfileRouter.swift */ = {isa = PBXFileReference; fileEncoding = 4; lastKnownFileType = sourcecode.swift; path = ProfileRouter.swift; sourceTree = "<group>"; };
		865DA7552AA96B70009CA2EA /* ProfileViewController.swift */ = {isa = PBXFileReference; fileEncoding = 4; lastKnownFileType = sourcecode.swift; path = ProfileViewController.swift; sourceTree = "<group>"; };
		865DA7582AA97823009CA2EA /* Cache.swift */ = {isa = PBXFileReference; lastKnownFileType = sourcecode.swift; path = Cache.swift; sourceTree = "<group>"; };
		865DA7802AAB3192009CA2EA /* RecipeCategoryCell.swift */ = {isa = PBXFileReference; fileEncoding = 4; lastKnownFileType = sourcecode.swift; path = RecipeCategoryCell.swift; sourceTree = "<group>"; };
		865DA7812AAB3192009CA2EA /* TrendingRecipeCell.swift */ = {isa = PBXFileReference; fileEncoding = 4; lastKnownFileType = sourcecode.swift; path = TrendingRecipeCell.swift; sourceTree = "<group>"; };
		865DA7822AAB3192009CA2EA /* RecentRecipeCell.swift */ = {isa = PBXFileReference; fileEncoding = 4; lastKnownFileType = sourcecode.swift; path = RecentRecipeCell.swift; sourceTree = "<group>"; };
		865DA7882AAB3F2E009CA2EA /* UIFont+.swift */ = {isa = PBXFileReference; lastKnownFileType = sourcecode.swift; path = "UIFont+.swift"; sourceTree = "<group>"; };
		865DA78A2AAB48C3009CA2EA /* UIStackView+.swift */ = {isa = PBXFileReference; lastKnownFileType = sourcecode.swift; path = "UIStackView+.swift"; sourceTree = "<group>"; };
		866FB8852AAB8E7D005CAD0D /* RecipeCell.swift */ = {isa = PBXFileReference; lastKnownFileType = sourcecode.swift; path = RecipeCell.swift; sourceTree = "<group>"; };
		866FB8872AAB9923005CAD0D /* UILabel+.swift */ = {isa = PBXFileReference; lastKnownFileType = sourcecode.swift; path = "UILabel+.swift"; sourceTree = "<group>"; };
		866FB8892AABA10E005CAD0D /* IngredientCell.swift */ = {isa = PBXFileReference; fileEncoding = 4; lastKnownFileType = sourcecode.swift; path = IngredientCell.swift; sourceTree = "<group>"; };
		866FB88B2AABB3BA005CAD0D /* NSCollectionLayoutSize+.swift */ = {isa = PBXFileReference; lastKnownFileType = sourcecode.swift; path = "NSCollectionLayoutSize+.swift"; sourceTree = "<group>"; };
		866FB88D2AABB666005CAD0D /* UICollectionView+.swift */ = {isa = PBXFileReference; lastKnownFileType = sourcecode.swift; path = "UICollectionView+.swift"; sourceTree = "<group>"; };
		866FB88F2AABCE32005CAD0D /* UIButton+.swift */ = {isa = PBXFileReference; lastKnownFileType = sourcecode.swift; path = "UIButton+.swift"; sourceTree = "<group>"; };
		869C6E4E2A9B390800F4861F /* BestRecipes.app */ = {isa = PBXFileReference; explicitFileType = wrapper.application; includeInIndex = 0; path = BestRecipes.app; sourceTree = BUILT_PRODUCTS_DIR; };
		869C6E512A9B390800F4861F /* AppDelegate.swift */ = {isa = PBXFileReference; lastKnownFileType = sourcecode.swift; path = AppDelegate.swift; sourceTree = "<group>"; };
		869C6E532A9B390800F4861F /* SceneDelegate.swift */ = {isa = PBXFileReference; lastKnownFileType = sourcecode.swift; path = SceneDelegate.swift; sourceTree = "<group>"; };
		869C6E552A9B390800F4861F /* HomeViewController.swift */ = {isa = PBXFileReference; lastKnownFileType = sourcecode.swift; path = HomeViewController.swift; sourceTree = "<group>"; };
		869C6E5A2A9B390C00F4861F /* Assets.xcassets */ = {isa = PBXFileReference; lastKnownFileType = folder.assetcatalog; path = Assets.xcassets; sourceTree = "<group>"; };
		869C6E5D2A9B390C00F4861F /* Base */ = {isa = PBXFileReference; lastKnownFileType = file.storyboard; name = Base; path = Base.lproj/LaunchScreen.storyboard; sourceTree = "<group>"; };
		869C6E5F2A9B390C00F4861F /* Info.plist */ = {isa = PBXFileReference; lastKnownFileType = text.plist.xml; path = Info.plist; sourceTree = "<group>"; };
		869C6E652A9B3A3700F4861F /* UIColor+.swift */ = {isa = PBXFileReference; fileEncoding = 4; lastKnownFileType = sourcecode.swift; path = "UIColor+.swift"; sourceTree = "<group>"; };
		869C6E6A2A9B3B0700F4861F /* TabBarController.swift */ = {isa = PBXFileReference; fileEncoding = 4; lastKnownFileType = sourcecode.swift; path = TabBarController.swift; sourceTree = "<group>"; };
		869C6E752A9B53DD00F4861F /* README.md */ = {isa = PBXFileReference; fileEncoding = 4; lastKnownFileType = net.daringfireball.markdown; path = README.md; sourceTree = "<group>"; };
		869C6E772A9B67A900F4861F /* OnboardingViewController.swift */ = {isa = PBXFileReference; lastKnownFileType = sourcecode.swift; path = OnboardingViewController.swift; sourceTree = "<group>"; };
		869C6E7B2A9B680E00F4861F /* ApiClient.swift */ = {isa = PBXFileReference; lastKnownFileType = sourcecode.swift; path = ApiClient.swift; sourceTree = "<group>"; };
		869C6E822A9B693200F4861F /* HomeView.swift */ = {isa = PBXFileReference; lastKnownFileType = sourcecode.swift; path = HomeView.swift; sourceTree = "<group>"; };
		869C6E842A9B694800F4861F /* HomePresenter.swift */ = {isa = PBXFileReference; lastKnownFileType = sourcecode.swift; path = HomePresenter.swift; sourceTree = "<group>"; };
		869C6E862A9B6F4000F4861F /* HomeRouter.swift */ = {isa = PBXFileReference; lastKnownFileType = sourcecode.swift; path = HomeRouter.swift; sourceTree = "<group>"; };
		869C6E892A9B717200F4861F /* Recipe.swift */ = {isa = PBXFileReference; lastKnownFileType = sourcecode.swift; path = Recipe.swift; sourceTree = "<group>"; };
		869C6E8F2A9BB14100F4861F /* Endpoint.swift */ = {isa = PBXFileReference; lastKnownFileType = sourcecode.swift; path = Endpoint.swift; sourceTree = "<group>"; };
		869C6E942A9D1C2D00F4861F /* Autocomplete.swift */ = {isa = PBXFileReference; lastKnownFileType = sourcecode.swift; path = Autocomplete.swift; sourceTree = "<group>"; };
		869C6E962A9D2B6F00F4861F /* Measures.swift */ = {isa = PBXFileReference; lastKnownFileType = sourcecode.swift; path = Measures.swift; sourceTree = "<group>"; };
		869C6E982A9D2B8500F4861F /* Ingredient.swift */ = {isa = PBXFileReference; lastKnownFileType = sourcecode.swift; path = Ingredient.swift; sourceTree = "<group>"; };
		869C6E9A2A9E2CE600F4861F /* Secret.swift */ = {isa = PBXFileReference; lastKnownFileType = sourcecode.swift; path = Secret.swift; sourceTree = "<group>"; };
		86B3D0412AA534FA009BF738 /* MealType.swift */ = {isa = PBXFileReference; lastKnownFileType = sourcecode.swift; path = MealType.swift; sourceTree = "<group>"; };
		86B3D0432AA541BE009BF738 /* RecipeResponse.swift */ = {isa = PBXFileReference; lastKnownFileType = sourcecode.swift; path = RecipeResponse.swift; sourceTree = "<group>"; };
		86F0DC842AAD0D26004E80C2 /* Repository.swift */ = {isa = PBXFileReference; lastKnownFileType = sourcecode.swift; path = Repository.swift; sourceTree = "<group>"; };
		86FC26362AB6F5A200C018FE /* SeeAllViewController.swift */ = {isa = PBXFileReference; lastKnownFileType = sourcecode.swift; path = SeeAllViewController.swift; sourceTree = "<group>"; };
		86FC26382AB6F5B500C018FE /* SeeAllView.swift */ = {isa = PBXFileReference; lastKnownFileType = sourcecode.swift; path = SeeAllView.swift; sourceTree = "<group>"; };
		86FC263A2AB6FA6400C018FE /* SeeAllPresenter.swift */ = {isa = PBXFileReference; lastKnownFileType = sourcecode.swift; path = SeeAllPresenter.swift; sourceTree = "<group>"; };
/* End PBXFileReference section */

/* Begin PBXFrameworksBuildPhase section */
		869C6E4B2A9B390800F4861F /* Frameworks */ = {
			isa = PBXFrameworksBuildPhase;
			buildActionMask = 2147483647;
			files = (
				869C6E8E2A9B7EB300F4861F /* Kingfisher in Frameworks */,
			);
			runOnlyForDeploymentPostprocessing = 0;
		};
/* End PBXFrameworksBuildPhase section */

/* Begin PBXGroup section */
		682E5AFE2AACFFCB00F584AF /* LoadView */ = {
			isa = PBXGroup;
			children = (
				682E5AFF2AACFFCB00F584AF /* LoadingView.swift */,
			);
			path = LoadView;
			sourceTree = "<group>";
		};
		684FCF5D2AB48ECE00D83CA3 /* Discover */ = {
			isa = PBXGroup;
			children = (
				684FCF5F2AB48ECE00D83CA3 /* DiscoverViewController.swift */,
				684FCF602AB48ECE00D83CA3 /* DiscoverView.swift */,
				684FCF642AB491A900D83CA3 /* DiscoverPresenter.swift */,
				684FCF662AB494D400D83CA3 /* FavoritesRouter.swift */,
			);
			path = Discover;
			sourceTree = "<group>";
		};
		865DA7322AA87BB2009CA2EA /* Bell */ = {
			isa = PBXGroup;
			children = (
				865DA7332AA87BB2009CA2EA /* BellViewController.swift */,
				865DA7342AA87BB2009CA2EA /* BellRouter.swift */,
			);
			path = Bell;
			sourceTree = "<group>";
		};
		865DA7372AA87CC9009CA2EA /* Detail */ = {
			isa = PBXGroup;
			children = (
				865DA7382AA87CC9009CA2EA /* DetailView.swift */,
				865DA7392AA87CC9009CA2EA /* DetailViewController.swift */,
				865DA7502AA8F543009CA2EA /* DetailPresenter.swift */,
			);
			path = Detail;
			sourceTree = "<group>";
		};
		865DA7532AA96B70009CA2EA /* Profile */ = {
			isa = PBXGroup;
			children = (
				865DA7542AA96B70009CA2EA /* ProfileRouter.swift */,
				865DA7552AA96B70009CA2EA /* ProfileViewController.swift */,
			);
			path = Profile;
			sourceTree = "<group>";
		};
		869C6E452A9B390800F4861F = {
			isa = PBXGroup;
			children = (
				869C6E9A2A9E2CE600F4861F /* Secret.swift */,
				869C6E752A9B53DD00F4861F /* README.md */,
				869C6E502A9B390800F4861F /* BestRecipes */,
				869C6E4F2A9B390800F4861F /* Products */,
			);
			sourceTree = "<group>";
		};
		869C6E4F2A9B390800F4861F /* Products */ = {
			isa = PBXGroup;
			children = (
				869C6E4E2A9B390800F4861F /* BestRecipes.app */,
			);
			name = Products;
			sourceTree = "<group>";
		};
		869C6E502A9B390800F4861F /* BestRecipes */ = {
			isa = PBXGroup;
			children = (
				86FC26352AB6F58000C018FE /* SeeAll */,
				684FCF5D2AB48ECE00D83CA3 /* Discover */,
				682E5AFE2AACFFCB00F584AF /* LoadView */,
				865DA7532AA96B70009CA2EA /* Profile */,
				865DA7372AA87CC9009CA2EA /* Detail */,
				865DA7322AA87BB2009CA2EA /* Bell */,
				869C6E882A9B716900F4861F /* Models */,
				869C6E742A9B4ED000F4861F /* Shared */,
				869C6E732A9B4E9700F4861F /* Services */,
				869C6E702A9B4E3400F4861F /* Home */,
				869C6E6F2A9B4E2200F4861F /* Onboarding */,
				869C6E6C2A9B3CF000F4861F /* Tabbar */,
				869C6E672A9B3A8A00F4861F /* Extensions */,
				869C6E6D2A9B467B00F4861F /* Aplication */,
				869C6E6E2A9B4CB600F4861F /* Resources */,
			);
			path = BestRecipes;
			sourceTree = "<group>";
		};
		869C6E672A9B3A8A00F4861F /* Extensions */ = {
			isa = PBXGroup;
			children = (
				869C6E652A9B3A3700F4861F /* UIColor+.swift */,
				865DA7442AA884A6009CA2EA /* OSLog+.swift */,
				865DA7462AA886FD009CA2EA /* UIImage+.swift */,
				865DA74C2AA89B82009CA2EA /* UIView+.swift */,
				865DA7882AAB3F2E009CA2EA /* UIFont+.swift */,
				865DA78A2AAB48C3009CA2EA /* UIStackView+.swift */,
				866FB8872AAB9923005CAD0D /* UILabel+.swift */,
				866FB88B2AABB3BA005CAD0D /* NSCollectionLayoutSize+.swift */,
				866FB88D2AABB666005CAD0D /* UICollectionView+.swift */,
				866FB88F2AABCE32005CAD0D /* UIButton+.swift */,
				86405BAB2AB6408C00636C2B /* Int+.swift */,
				86405BB52AB67BD000636C2B /* String+.swift */,
			);
			path = Extensions;
			sourceTree = "<group>";
		};
		869C6E6C2A9B3CF000F4861F /* Tabbar */ = {
			isa = PBXGroup;
			children = (
				869C6E6A2A9B3B0700F4861F /* TabBarController.swift */,
			);
			path = Tabbar;
			sourceTree = "<group>";
		};
		869C6E6D2A9B467B00F4861F /* Aplication */ = {
			isa = PBXGroup;
			children = (
				869C6E5F2A9B390C00F4861F /* Info.plist */,
				869C6E512A9B390800F4861F /* AppDelegate.swift */,
				869C6E532A9B390800F4861F /* SceneDelegate.swift */,
				865DA7482AA888A7009CA2EA /* Assembly.swift */,
			);
			path = Aplication;
			sourceTree = "<group>";
		};
		869C6E6E2A9B4CB600F4861F /* Resources */ = {
			isa = PBXGroup;
			children = (
				869C6E5A2A9B390C00F4861F /* Assets.xcassets */,
				869C6E5C2A9B390C00F4861F /* LaunchScreen.storyboard */,
			);
			path = Resources;
			sourceTree = "<group>";
		};
		869C6E6F2A9B4E2200F4861F /* Onboarding */ = {
			isa = PBXGroup;
			children = (
				869C6E772A9B67A900F4861F /* OnboardingViewController.swift */,
			);
			path = Onboarding;
			sourceTree = "<group>";
		};
		869C6E702A9B4E3400F4861F /* Home */ = {
			isa = PBXGroup;
			children = (
				869C6E822A9B693200F4861F /* HomeView.swift */,
				869C6E552A9B390800F4861F /* HomeViewController.swift */,
				869C6E842A9B694800F4861F /* HomePresenter.swift */,
				869C6E862A9B6F4000F4861F /* HomeRouter.swift */,
			);
			path = Home;
			sourceTree = "<group>";
		};
		869C6E732A9B4E9700F4861F /* Services */ = {
			isa = PBXGroup;
			children = (
				869C6E7B2A9B680E00F4861F /* ApiClient.swift */,
				869C6E8F2A9BB14100F4861F /* Endpoint.swift */,
				865DA7582AA97823009CA2EA /* Cache.swift */,
				86F0DC842AAD0D26004E80C2 /* Repository.swift */,
				86405BAF2AB6627900636C2B /* FavoriteRecipesManager.swift */,
			);
			path = Services;
			sourceTree = "<group>";
		};
		869C6E742A9B4ED000F4861F /* Shared */ = {
			isa = PBXGroup;
			children = (
				86405BAD2AB6443900636C2B /* CategoryCell.swift */,
				865DA73D2AA87CC9009CA2EA /* HeaderView.swift */,
				866FB8892AABA10E005CAD0D /* IngredientCell.swift */,
				865DA7812AAB3192009CA2EA /* TrendingRecipeCell.swift */,
				865DA7802AAB3192009CA2EA /* RecipeCategoryCell.swift */,
				865DA7822AAB3192009CA2EA /* RecentRecipeCell.swift */,
				866FB8852AAB8E7D005CAD0D /* RecipeCell.swift */,
				86405BB12AB66D9900636C2B /* RecipeTitleCell.swift */,
				86405BB32AB6705C00636C2B /* RecipeSummaryCell.swift */,
			);
			path = Shared;
			sourceTree = "<group>";
		};
		869C6E882A9B716900F4861F /* Models */ = {
			isa = PBXGroup;
			children = (
				869C6E892A9B717200F4861F /* Recipe.swift */,
				869C6E942A9D1C2D00F4861F /* Autocomplete.swift */,
				869C6E962A9D2B6F00F4861F /* Measures.swift */,
				869C6E982A9D2B8500F4861F /* Ingredient.swift */,
				8629679C2AA090E5000254B3 /* RecipesList.swift */,
				86B3D0412AA534FA009BF738 /* MealType.swift */,
				86B3D0432AA541BE009BF738 /* RecipeResponse.swift */,
			);
			path = Models;
			sourceTree = "<group>";
		};
		86FC26352AB6F58000C018FE /* SeeAll */ = {
			isa = PBXGroup;
			children = (
				86FC26362AB6F5A200C018FE /* SeeAllViewController.swift */,
				86FC26382AB6F5B500C018FE /* SeeAllView.swift */,
				86FC263A2AB6FA6400C018FE /* SeeAllPresenter.swift */,
			);
			path = SeeAll;
			sourceTree = "<group>";
		};
/* End PBXGroup section */

/* Begin PBXNativeTarget section */
		869C6E4D2A9B390800F4861F /* BestRecipes */ = {
			isa = PBXNativeTarget;
			buildConfigurationList = 869C6E622A9B390C00F4861F /* Build configuration list for PBXNativeTarget "BestRecipes" */;
			buildPhases = (
				869C6E4A2A9B390800F4861F /* Sources */,
				869C6E4B2A9B390800F4861F /* Frameworks */,
				869C6E4C2A9B390800F4861F /* Resources */,
			);
			buildRules = (
			);
			dependencies = (
			);
			name = BestRecipes;
			packageProductDependencies = (
				869C6E8D2A9B7EB300F4861F /* Kingfisher */,
			);
			productName = "Best Recipes";
			productReference = 869C6E4E2A9B390800F4861F /* BestRecipes.app */;
			productType = "com.apple.product-type.application";
		};
/* End PBXNativeTarget section */

/* Begin PBXProject section */
		869C6E462A9B390800F4861F /* Project object */ = {
			isa = PBXProject;
			attributes = {
				BuildIndependentTargetsInParallel = 1;
				LastSwiftUpdateCheck = 1500;
				LastUpgradeCheck = 1500;
				TargetAttributes = {
					869C6E4D2A9B390800F4861F = {
						CreatedOnToolsVersion = 15.0;
					};
				};
			};
			buildConfigurationList = 869C6E492A9B390800F4861F /* Build configuration list for PBXProject "BestRecipes" */;
			compatibilityVersion = "Xcode 13.0";
			developmentRegion = en;
			hasScannedForEncodings = 0;
			knownRegions = (
				en,
				Base,
			);
			mainGroup = 869C6E452A9B390800F4861F;
			packageReferences = (
				869C6E8C2A9B7EB300F4861F /* XCRemoteSwiftPackageReference "Kingfisher" */,
			);
			productRefGroup = 869C6E4F2A9B390800F4861F /* Products */;
			projectDirPath = "";
			projectRoot = "";
			targets = (
				869C6E4D2A9B390800F4861F /* BestRecipes */,
			);
		};
/* End PBXProject section */

/* Begin PBXResourcesBuildPhase section */
		869C6E4C2A9B390800F4861F /* Resources */ = {
			isa = PBXResourcesBuildPhase;
			buildActionMask = 2147483647;
			files = (
				869C6E762A9B53DD00F4861F /* README.md in Resources */,
				869C6E5E2A9B390C00F4861F /* LaunchScreen.storyboard in Resources */,
				869C6E5B2A9B390C00F4861F /* Assets.xcassets in Resources */,
			);
			runOnlyForDeploymentPostprocessing = 0;
		};
/* End PBXResourcesBuildPhase section */

/* Begin PBXSourcesBuildPhase section */
		869C6E4A2A9B390800F4861F /* Sources */ = {
			isa = PBXSourcesBuildPhase;
			buildActionMask = 2147483647;
			files = (
				865DA7852AAB3193009CA2EA /* TrendingRecipeCell.swift in Sources */,
				869C6E6B2A9B3B0700F4861F /* TabBarController.swift in Sources */,
				866FB88E2AABB666005CAD0D /* UICollectionView+.swift in Sources */,
				865DA78B2AAB48C3009CA2EA /* UIStackView+.swift in Sources */,
				866FB8902AABCE32005CAD0D /* UIButton+.swift in Sources */,
				866FB8862AAB8E7D005CAD0D /* RecipeCell.swift in Sources */,
				865DA7492AA888A7009CA2EA /* Assembly.swift in Sources */,
				86405BB62AB67BD000636C2B /* String+.swift in Sources */,
				86405BAC2AB6408C00636C2B /* Int+.swift in Sources */,
				869C6E562A9B390800F4861F /* HomeViewController.swift in Sources */,
				86B3D0422AA534FA009BF738 /* MealType.swift in Sources */,
				865DA7592AA97823009CA2EA /* Cache.swift in Sources */,
				865DA7862AAB3193009CA2EA /* RecentRecipeCell.swift in Sources */,
				86B3D0442AA541BE009BF738 /* RecipeResponse.swift in Sources */,
				865DA7362AA87BB2009CA2EA /* BellRouter.swift in Sources */,
				682E5B002AACFFCB00F584AF /* LoadingView.swift in Sources */,
				86F0DC852AAD0D26004E80C2 /* Repository.swift in Sources */,
				869C6E522A9B390800F4861F /* AppDelegate.swift in Sources */,
				86405BAE2AB6443900636C2B /* CategoryCell.swift in Sources */,
				865DA73E2AA87CC9009CA2EA /* DetailView.swift in Sources */,
				869C6E7C2A9B680E00F4861F /* ApiClient.swift in Sources */,
				865DA73F2AA87CC9009CA2EA /* DetailViewController.swift in Sources */,
				865DA74D2AA89B82009CA2EA /* UIView+.swift in Sources */,
				869C6E782A9B67A900F4861F /* OnboardingViewController.swift in Sources */,
				869C6E542A9B390800F4861F /* SceneDelegate.swift in Sources */,
				865DA7842AAB3193009CA2EA /* RecipeCategoryCell.swift in Sources */,
				86405BB02AB6627900636C2B /* FavoriteRecipesManager.swift in Sources */,
				869C6E992A9D2B8500F4861F /* Ingredient.swift in Sources */,
				86405BB22AB66D9900636C2B /* RecipeTitleCell.swift in Sources */,
				869C6E8A2A9B717200F4861F /* Recipe.swift in Sources */,
				8629679D2AA090E5000254B3 /* RecipesList.swift in Sources */,
				869C6E872A9B6F4100F4861F /* HomeRouter.swift in Sources */,
				869C6E972A9D2B6F00F4861F /* Measures.swift in Sources */,
				684FCF652AB491A900D83CA3 /* DiscoverPresenter.swift in Sources */,
				86FC26372AB6F5A200C018FE /* SeeAllViewController.swift in Sources */,
				684FCF672AB494D400D83CA3 /* FavoritesRouter.swift in Sources */,
				866FB88A2AABA10E005CAD0D /* IngredientCell.swift in Sources */,
				869C6E852A9B694800F4861F /* HomePresenter.swift in Sources */,
				869C6E952A9D1C2D00F4861F /* Autocomplete.swift in Sources */,
				865DA7562AA96B71009CA2EA /* ProfileRouter.swift in Sources */,
				865DA7472AA886FD009CA2EA /* UIImage+.swift in Sources */,
				865DA7352AA87BB2009CA2EA /* BellViewController.swift in Sources */,
				865DA7892AAB3F2E009CA2EA /* UIFont+.swift in Sources */,
				684FCF632AB48ECF00D83CA3 /* DiscoverView.swift in Sources */,
				865DA7572AA96B71009CA2EA /* ProfileViewController.swift in Sources */,
				869C6E9B2A9E2CE600F4861F /* Secret.swift in Sources */,
				865DA7452AA884A6009CA2EA /* OSLog+.swift in Sources */,
				869C6E902A9BB14100F4861F /* Endpoint.swift in Sources */,
				869C6E832A9B693200F4861F /* HomeView.swift in Sources */,
				684FCF622AB48ECF00D83CA3 /* DiscoverViewController.swift in Sources */,
				866FB88C2AABB3BA005CAD0D /* NSCollectionLayoutSize+.swift in Sources */,
				86FC26392AB6F5B500C018FE /* SeeAllView.swift in Sources */,
				869C6E662A9B3A3700F4861F /* UIColor+.swift in Sources */,
				86405BB42AB6705C00636C2B /* RecipeSummaryCell.swift in Sources */,
				86FC263B2AB6FA6400C018FE /* SeeAllPresenter.swift in Sources */,
				865DA7512AA8F543009CA2EA /* DetailPresenter.swift in Sources */,
				866FB8882AAB9923005CAD0D /* UILabel+.swift in Sources */,
				865DA7432AA87CC9009CA2EA /* HeaderView.swift in Sources */,
			);
			runOnlyForDeploymentPostprocessing = 0;
		};
/* End PBXSourcesBuildPhase section */

/* Begin PBXVariantGroup section */
		869C6E5C2A9B390C00F4861F /* LaunchScreen.storyboard */ = {
			isa = PBXVariantGroup;
			children = (
				869C6E5D2A9B390C00F4861F /* Base */,
			);
			name = LaunchScreen.storyboard;
			sourceTree = "<group>";
		};
/* End PBXVariantGroup section */

/* Begin XCBuildConfiguration section */
		869C6E602A9B390C00F4861F /* Debug */ = {
			isa = XCBuildConfiguration;
			buildSettings = {
				ALWAYS_SEARCH_USER_PATHS = NO;
				ASSETCATALOG_COMPILER_GENERATE_SWIFT_ASSET_SYMBOL_EXTENSIONS = YES;
				CLANG_ANALYZER_NONNULL = YES;
				CLANG_ANALYZER_NUMBER_OBJECT_CONVERSION = YES_AGGRESSIVE;
				CLANG_CXX_LANGUAGE_STANDARD = "gnu++20";
				CLANG_ENABLE_MODULES = YES;
				CLANG_ENABLE_OBJC_ARC = YES;
				CLANG_ENABLE_OBJC_WEAK = YES;
				CLANG_WARN_BLOCK_CAPTURE_AUTORELEASING = YES;
				CLANG_WARN_BOOL_CONVERSION = YES;
				CLANG_WARN_COMMA = YES;
				CLANG_WARN_CONSTANT_CONVERSION = YES;
				CLANG_WARN_DEPRECATED_OBJC_IMPLEMENTATIONS = YES;
				CLANG_WARN_DIRECT_OBJC_ISA_USAGE = YES_ERROR;
				CLANG_WARN_DOCUMENTATION_COMMENTS = YES;
				CLANG_WARN_EMPTY_BODY = YES;
				CLANG_WARN_ENUM_CONVERSION = YES;
				CLANG_WARN_INFINITE_RECURSION = YES;
				CLANG_WARN_INT_CONVERSION = YES;
				CLANG_WARN_NON_LITERAL_NULL_CONVERSION = YES;
				CLANG_WARN_OBJC_IMPLICIT_RETAIN_SELF = YES;
				CLANG_WARN_OBJC_LITERAL_CONVERSION = YES;
				CLANG_WARN_OBJC_ROOT_CLASS = YES_ERROR;
				CLANG_WARN_QUOTED_INCLUDE_IN_FRAMEWORK_HEADER = YES;
				CLANG_WARN_RANGE_LOOP_ANALYSIS = YES;
				CLANG_WARN_STRICT_PROTOTYPES = YES;
				CLANG_WARN_SUSPICIOUS_MOVE = YES;
				CLANG_WARN_UNGUARDED_AVAILABILITY = YES_AGGRESSIVE;
				CLANG_WARN_UNREACHABLE_CODE = YES;
				CLANG_WARN__DUPLICATE_METHOD_MATCH = YES;
				COPY_PHASE_STRIP = NO;
				DEBUG_INFORMATION_FORMAT = dwarf;
				ENABLE_STRICT_OBJC_MSGSEND = YES;
				ENABLE_TESTABILITY = YES;
				ENABLE_USER_SCRIPT_SANDBOXING = YES;
				GCC_C_LANGUAGE_STANDARD = gnu17;
				GCC_DYNAMIC_NO_PIC = NO;
				GCC_NO_COMMON_BLOCKS = YES;
				GCC_OPTIMIZATION_LEVEL = 0;
				GCC_PREPROCESSOR_DEFINITIONS = (
					"DEBUG=1",
					"$(inherited)",
				);
				GCC_WARN_64_TO_32_BIT_CONVERSION = YES;
				GCC_WARN_ABOUT_RETURN_TYPE = YES_ERROR;
				GCC_WARN_UNDECLARED_SELECTOR = YES;
				GCC_WARN_UNINITIALIZED_AUTOS = YES_AGGRESSIVE;
				GCC_WARN_UNUSED_FUNCTION = YES;
				GCC_WARN_UNUSED_VARIABLE = YES;
				IPHONEOS_DEPLOYMENT_TARGET = 15.0;
				LOCALIZATION_PREFERS_STRING_CATALOGS = YES;
				MTL_ENABLE_DEBUG_INFO = INCLUDE_SOURCE;
				MTL_FAST_MATH = YES;
				ONLY_ACTIVE_ARCH = YES;
				SDKROOT = iphoneos;
				SWIFT_ACTIVE_COMPILATION_CONDITIONS = "DEBUG $(inherited)";
				SWIFT_OPTIMIZATION_LEVEL = "-Onone";
			};
			name = Debug;
		};
		869C6E612A9B390C00F4861F /* Release */ = {
			isa = XCBuildConfiguration;
			buildSettings = {
				ALWAYS_SEARCH_USER_PATHS = NO;
				ASSETCATALOG_COMPILER_GENERATE_SWIFT_ASSET_SYMBOL_EXTENSIONS = YES;
				CLANG_ANALYZER_NONNULL = YES;
				CLANG_ANALYZER_NUMBER_OBJECT_CONVERSION = YES_AGGRESSIVE;
				CLANG_CXX_LANGUAGE_STANDARD = "gnu++20";
				CLANG_ENABLE_MODULES = YES;
				CLANG_ENABLE_OBJC_ARC = YES;
				CLANG_ENABLE_OBJC_WEAK = YES;
				CLANG_WARN_BLOCK_CAPTURE_AUTORELEASING = YES;
				CLANG_WARN_BOOL_CONVERSION = YES;
				CLANG_WARN_COMMA = YES;
				CLANG_WARN_CONSTANT_CONVERSION = YES;
				CLANG_WARN_DEPRECATED_OBJC_IMPLEMENTATIONS = YES;
				CLANG_WARN_DIRECT_OBJC_ISA_USAGE = YES_ERROR;
				CLANG_WARN_DOCUMENTATION_COMMENTS = YES;
				CLANG_WARN_EMPTY_BODY = YES;
				CLANG_WARN_ENUM_CONVERSION = YES;
				CLANG_WARN_INFINITE_RECURSION = YES;
				CLANG_WARN_INT_CONVERSION = YES;
				CLANG_WARN_NON_LITERAL_NULL_CONVERSION = YES;
				CLANG_WARN_OBJC_IMPLICIT_RETAIN_SELF = YES;
				CLANG_WARN_OBJC_LITERAL_CONVERSION = YES;
				CLANG_WARN_OBJC_ROOT_CLASS = YES_ERROR;
				CLANG_WARN_QUOTED_INCLUDE_IN_FRAMEWORK_HEADER = YES;
				CLANG_WARN_RANGE_LOOP_ANALYSIS = YES;
				CLANG_WARN_STRICT_PROTOTYPES = YES;
				CLANG_WARN_SUSPICIOUS_MOVE = YES;
				CLANG_WARN_UNGUARDED_AVAILABILITY = YES_AGGRESSIVE;
				CLANG_WARN_UNREACHABLE_CODE = YES;
				CLANG_WARN__DUPLICATE_METHOD_MATCH = YES;
				COPY_PHASE_STRIP = NO;
				DEBUG_INFORMATION_FORMAT = "dwarf-with-dsym";
				ENABLE_NS_ASSERTIONS = NO;
				ENABLE_STRICT_OBJC_MSGSEND = YES;
				ENABLE_USER_SCRIPT_SANDBOXING = YES;
				GCC_C_LANGUAGE_STANDARD = gnu17;
				GCC_NO_COMMON_BLOCKS = YES;
				GCC_WARN_64_TO_32_BIT_CONVERSION = YES;
				GCC_WARN_ABOUT_RETURN_TYPE = YES_ERROR;
				GCC_WARN_UNDECLARED_SELECTOR = YES;
				GCC_WARN_UNINITIALIZED_AUTOS = YES_AGGRESSIVE;
				GCC_WARN_UNUSED_FUNCTION = YES;
				GCC_WARN_UNUSED_VARIABLE = YES;
				IPHONEOS_DEPLOYMENT_TARGET = 15.0;
				LOCALIZATION_PREFERS_STRING_CATALOGS = YES;
				MTL_ENABLE_DEBUG_INFO = NO;
				MTL_FAST_MATH = YES;
				SDKROOT = iphoneos;
				SWIFT_COMPILATION_MODE = wholemodule;
				VALIDATE_PRODUCT = YES;
			};
			name = Release;
		};
		869C6E632A9B390C00F4861F /* Debug */ = {
			isa = XCBuildConfiguration;
			buildSettings = {
				ASSETCATALOG_COMPILER_APPICON_NAME = AppIcon;
				ASSETCATALOG_COMPILER_GLOBAL_ACCENT_COLOR_NAME = AccentColor;
				CODE_SIGN_STYLE = Automatic;
				CURRENT_PROJECT_VERSION = 1;
				DEVELOPMENT_TEAM = 4WQFD456R9;
				GENERATE_INFOPLIST_FILE = YES;
				INFOPLIST_FILE = BestRecipes/Aplication/Info.plist;
				INFOPLIST_KEY_UIApplicationSupportsIndirectInputEvents = YES;
				INFOPLIST_KEY_UILaunchStoryboardName = LaunchScreen;
				INFOPLIST_KEY_UISupportedInterfaceOrientations_iPad = "UIInterfaceOrientationPortrait UIInterfaceOrientationPortraitUpsideDown UIInterfaceOrientationLandscapeLeft UIInterfaceOrientationLandscapeRight";
				INFOPLIST_KEY_UISupportedInterfaceOrientations_iPhone = "UIInterfaceOrientationPortrait UIInterfaceOrientationLandscapeLeft UIInterfaceOrientationLandscapeRight";
				IPHONEOS_DEPLOYMENT_TARGET = 15.0;
				LD_RUNPATH_SEARCH_PATHS = (
					"$(inherited)",
					"@executable_path/Frameworks",
				);
				MARKETING_VERSION = 1.0;
				PRODUCT_BUNDLE_IDENTIFIER = "ru.iliaByHimself.Best-Recipes";
				PRODUCT_NAME = "$(TARGET_NAME)";
				SUPPORTED_PLATFORMS = "iphoneos iphonesimulator";
				SUPPORTS_MACCATALYST = NO;
				SUPPORTS_MAC_DESIGNED_FOR_IPHONE_IPAD = NO;
				SUPPORTS_XR_DESIGNED_FOR_IPHONE_IPAD = NO;
				SWIFT_EMIT_LOC_STRINGS = YES;
				SWIFT_VERSION = 5.0;
				TARGETED_DEVICE_FAMILY = 1;
			};
			name = Debug;
		};
		869C6E642A9B390C00F4861F /* Release */ = {
			isa = XCBuildConfiguration;
			buildSettings = {
				ASSETCATALOG_COMPILER_APPICON_NAME = AppIcon;
				ASSETCATALOG_COMPILER_GLOBAL_ACCENT_COLOR_NAME = AccentColor;
				CODE_SIGN_STYLE = Automatic;
				CURRENT_PROJECT_VERSION = 1;
				DEVELOPMENT_TEAM = 4WQFD456R9;
				GENERATE_INFOPLIST_FILE = YES;
				INFOPLIST_FILE = BestRecipes/Aplication/Info.plist;
				INFOPLIST_KEY_UIApplicationSupportsIndirectInputEvents = YES;
				INFOPLIST_KEY_UILaunchStoryboardName = LaunchScreen;
				INFOPLIST_KEY_UISupportedInterfaceOrientations_iPad = "UIInterfaceOrientationPortrait UIInterfaceOrientationPortraitUpsideDown UIInterfaceOrientationLandscapeLeft UIInterfaceOrientationLandscapeRight";
				INFOPLIST_KEY_UISupportedInterfaceOrientations_iPhone = "UIInterfaceOrientationPortrait UIInterfaceOrientationLandscapeLeft UIInterfaceOrientationLandscapeRight";
				IPHONEOS_DEPLOYMENT_TARGET = 15.0;
				LD_RUNPATH_SEARCH_PATHS = (
					"$(inherited)",
					"@executable_path/Frameworks",
				);
				MARKETING_VERSION = 1.0;
				PRODUCT_BUNDLE_IDENTIFIER = "ru.iliaByHimself.Best-Recipes";
				PRODUCT_NAME = "$(TARGET_NAME)";
				SUPPORTED_PLATFORMS = "iphoneos iphonesimulator";
				SUPPORTS_MACCATALYST = NO;
				SUPPORTS_MAC_DESIGNED_FOR_IPHONE_IPAD = NO;
				SUPPORTS_XR_DESIGNED_FOR_IPHONE_IPAD = NO;
				SWIFT_EMIT_LOC_STRINGS = YES;
				SWIFT_VERSION = 5.0;
				TARGETED_DEVICE_FAMILY = 1;
			};
			name = Release;
		};
/* End XCBuildConfiguration section */

/* Begin XCConfigurationList section */
		869C6E492A9B390800F4861F /* Build configuration list for PBXProject "BestRecipes" */ = {
			isa = XCConfigurationList;
			buildConfigurations = (
				869C6E602A9B390C00F4861F /* Debug */,
				869C6E612A9B390C00F4861F /* Release */,
			);
			defaultConfigurationIsVisible = 0;
			defaultConfigurationName = Debug;
		};
		869C6E622A9B390C00F4861F /* Build configuration list for PBXNativeTarget "BestRecipes" */ = {
			isa = XCConfigurationList;
			buildConfigurations = (
				869C6E632A9B390C00F4861F /* Debug */,
				869C6E642A9B390C00F4861F /* Release */,
			);
			defaultConfigurationIsVisible = 0;
			defaultConfigurationName = Debug;
		};
/* End XCConfigurationList section */

/* Begin XCRemoteSwiftPackageReference section */
		869C6E8C2A9B7EB300F4861F /* XCRemoteSwiftPackageReference "Kingfisher" */ = {
			isa = XCRemoteSwiftPackageReference;
			repositoryURL = "https://github.com/onevcat/Kingfisher.git";
			requirement = {
				kind = upToNextMajorVersion;
				minimumVersion = 7.9.1;
			};
		};
/* End XCRemoteSwiftPackageReference section */

/* Begin XCSwiftPackageProductDependency section */
		869C6E8D2A9B7EB300F4861F /* Kingfisher */ = {
			isa = XCSwiftPackageProductDependency;
			package = 869C6E8C2A9B7EB300F4861F /* XCRemoteSwiftPackageReference "Kingfisher" */;
			productName = Kingfisher;
		};
/* End XCSwiftPackageProductDependency section */
	};
	rootObject = 869C6E462A9B390800F4861F /* Project object */;
}
